# This file is automatically @generated by Cargo.
# It is not intended for manual editing.
version = 3

[[package]]
name = "ipc_lab"
version = "0.1.0"
dependencies = [
 "posixmq",
]

[[package]]
name = "libc"
version = "0.2.143"
source = "registry+https://github.com/rust-lang/crates.io-index"
checksum = "edc207893e85c5d6be840e969b496b53d94cec8be2d501b214f50daa97fa8024"

[[package]]
name = "posixmq"
version = "1.0.0"
source = "registry+https://github.com/rust-lang/crates.io-index"
checksum = "e5e01860c5a0b0c823066268fb7950019bac142c1cb8919e774823fe510e697a"
dependencies = [
 "libc",
]
